
Microsoft Visual Studio Solution File, Format Version 12.00
# Visual Studio Version 16
VisualStudioVersion = 16.0.30204.135
MinimumVisualStudioVersion = 10.0.40219.1
Project("{FAE04EC0-301F-11D3-BF4B-00C04F79EFBC}") = "Uptime", "Uptime.csproj", "{1E7622B8-E4F7-4344-8FFF-16304D5FF0C6}"
EndProject
Global
	GlobalSection(SolutionConfigurationPlatforms) = preSolution
		Debug|Any CPU = Debug|Any CPU
		Release|Any CPU = Release|Any CPU
	EndGlobalSection
	GlobalSection(ProjectConfigurationPlatforms) = postSolution
		{1E7622B8-E4F7-4344-8FFF-16304D5FF0C6}.Debug|Any CPU.ActiveCfg = Debug|Any CPU
		{1E7622B8-E4F7-4344-8FFF-16304D5FF0C6}.Debug|Any CPU.Build.0 = Debug|Any CPU
		{1E7622B8-E4F7-4344-8FFF-16304D5FF0C6}.Release|Any CPU.ActiveCfg = Release|Any CPU
		{1E7622B8-E4F7-4344-8FFF-16304D5FF0C6}.Release|Any CPU.Build.0 = Release|Any CPU
	EndGlobalSection
	GlobalSection(SolutionProperties) = preSolution
		HideSolutionNode = FALSE
	EndGlobalSection
	GlobalSection(ExtensibilityGlobals) = postSolution
		SolutionGuid = {F82684AA-5927-4EB3-A1FE-8DCEA98C5878}
	EndGlobalSection
EndGlobal
